PODS:
  - AFNetworking (2.2.1):
    - AFNetworking/NSURLConnection
    - AFNetworking/NSURLSession
    - AFNetworking/Reachability
    - AFNetworking/Security
    - AFNetworking/Serialization
    - AFNetworking/UIKit
  - AFNetworking/NSURLConnection (2.2.1):
    - AFNetworking/Reachability
    - AFNetworking/Security
    - AFNetworking/Serialization
  - AFNetworking/NSURLSession (2.2.1):
    - AFNetworking/NSURLConnection
  - AFNetworking/Reachability (2.2.1)
  - AFNetworking/Security (2.2.1)
  - AFNetworking/Serialization (2.2.1)
  - AFNetworking/UIKit (2.2.1):
    - AFNetworking/NSURLConnection
    - AFNetworking/NSURLSession
  - CRGradientNavigationBar (0.3.2)
  - MBProgressHUD (0.8)
  - TTTAttributedLabel (1.10.0)

DEPENDENCIES:
  - AFNetworking (~> 2.0)
  - CRGradientNavigationBar
  - MBProgressHUD (~> 0.8)
  - TTTAttributedLabel

SPEC CHECKSUMS:
  AFNetworking: 8dde8c8a6597ad95dac332a593c27e541bc87371
  CRGradientNavigationBar: e11429639a863683acc90887b9c86e75cb5d098c
  MBProgressHUD: c356980b0cd097f19acec959b49dca5eb8ec31be
  TTTAttributedLabel: c3a11b538bc7beb4815f156e2ba4b066929e13f9

COCOAPODS: 0.33.1
